<?xml version="1.0" encoding="utf-8"?>
<Project ToolsVersion="4.0" xmlns="http://schemas.microsoft.com/developer/msbuild/2003">
  <ItemGroup>
    <Filter Include="Source Files">
      <UniqueIdentifier>{4FC737F1-C7A5-4376-A066-2A32D752A2FF}</UniqueIdentifier>
      <Extensions>cpp;c;cc;cxx;c++;cppm;ixx;def;odl;idl;hpj;bat;asm;asmx</Extensions>
    </Filter>
    <Filter Include="Header Files">
      <UniqueIdentifier>{93995380-89BD-4b04-88EB-625FBE52EBFB}</UniqueIdentifier>
      <Extensions>h;hh;hpp;hxx;h++;hm;inl;inc;ipp;xsd</Extensions>
    </Filter>
    <Filter Include="Basic Shader Manager">
      <UniqueIdentifier>{520673ef-3672-4d15-bb1b-adab8add79bc}</UniqueIdentifier>
    </Filter>
    <Filter Include="Shaders">
      <UniqueIdentifier>{b440479f-ec7e-48cc-9e27-1ee18139ccd5}</UniqueIdentifier>
    </Filter>
    <Filter Include="Meshes, etc.">
      <UniqueIdentifier>{ddd01867-c616-4681-aa72-e7ff5b4b1098}</UniqueIdentifier>
    </Filter>
    <Filter Include="Mouse, Keyboard, FlyCamera">
      <UniqueIdentifier>{184a305d-7e4d-47ca-bfc6-6c2064ef481a}</UniqueIdentifier>
    </Filter>
    <Filter Include="Global things">
      <UniqueIdentifier>{78450d70-4cd5-41ff-ad02-690efd0d05be}</UniqueIdentifier>
    </Filter>
    <Filter Include="Phsyics_Stuff">
      <UniqueIdentifier>{b50e5ed1-0d30-423d-8675-9d288d42b19b}</UniqueIdentifier>
    </Filter>
    <Filter Include="LIghts">
      <UniqueIdentifier>{0479b598-aa46-49da-ac91-afc112109a35}</UniqueIdentifier>
    </Filter>
    <Filter Include="RenderStuff">
      <UniqueIdentifier>{9cdea607-512f-4c0a-9b61-159d8362c1d3}</UniqueIdentifier>
    </Filter>
    <Filter Include="Textures">
      <UniqueIdentifier>{6d89f04c-612e-47be-bc69-8198f8d61d8e}</UniqueIdentifier>
    </Filter>
    <Filter Include="Phsyics_Stuff\Verlet_SoftBody">
      <UniqueIdentifier>{496fe777-113b-4c8d-9e39-0beb8070b4f5}</UniqueIdentifier>
    </Filter>
  </ItemGroup>
  <ItemGroup>
    <ClCompile Include="glad.c">
      <Filter>Source Files</Filter>
    </ClCompile>
    <ClCompile Include="PlyFileLoaders.cpp">
      <Filter>Source Files</Filter>
    </ClCompile>
    <ClCompile Include="Basic_Shader_Manager\cShader.cpp">
      <Filter>Basic Shader Manager</Filter>
    </ClCompile>
    <ClCompile Include="Basic_Shader_Manager\cShaderManager.cpp">
      <Filter>Basic Shader Manager</Filter>
    </ClCompile>
    <ClCompile Include="cVAOManager\cVAOManager.cpp">
      <Filter>Meshes, etc.</Filter>
    </ClCompile>
    <ClCompile Include="cBasicFlyCamera\cBasicFlyCamera.cpp">
      <Filter>Mouse, Keyboard, FlyCamera</Filter>
    </ClCompile>
    <ClCompile Include="mouse_keyboard_async.cpp">
      <Filter>Mouse, Keyboard, FlyCamera</Filter>
    </ClCompile>
    <ClCompile Include="sharedThings.cpp">
      <Filter>Global things</Filter>
    </ClCompile>
    <ClCompile Include="cPhysics.cpp">
      <Filter>Phsyics_Stuff</Filter>
    </ClCompile>
    <ClCompile Include="cLightManager.cpp">
      <Filter>LIghts</Filter>
    </ClCompile>
    <ClCompile Include="RenderCall.cpp">
      <Filter>RenderStuff</Filter>
    </ClCompile>
    <ClCompile Include="cLightHelper\cLightHelper.cpp">
      <Filter>LIghts</Filter>
    </ClCompile>
    <ClCompile Include="cBasicTextureManager\C24BitBMPpixel.cpp">
      <Filter>Textures</Filter>
    </ClCompile>
    <ClCompile Include="cBasicTextureManager\cBasicTextureManager.cpp">
      <Filter>Textures</Filter>
    </ClCompile>
    <ClCompile Include="cBasicTextureManager\CTextureFromBMP.cpp">
      <Filter>Textures</Filter>
    </ClCompile>
    <ClCompile Include="sMesh.cpp">
      <Filter>Meshes, etc.</Filter>
    </ClCompile>
    <ClCompile Include="cPhysics_BroadPhase.cpp">
      <Filter>Phsyics_Stuff</Filter>
    </ClCompile>
    <ClCompile Include="theMain.cpp">
      <Filter>Source Files</Filter>
    </ClCompile>
    <ClCompile Include="cVAOManager\cVAOManager_DynamicMesh.cpp">
      <Filter>Meshes, etc.</Filter>
    </ClCompile>
    <ClCompile Include="cPhysics_cSoftBody_Verlet.cpp">
      <Filter>Phsyics_Stuff\Verlet_SoftBody</Filter>
    </ClCompile>
    <ClCompile Include="cSoftBodyVerlet.cpp">
      <Filter>Phsyics_Stuff\Verlet_SoftBody</Filter>
    </ClCompile>
    <ClCompile Include="cFlagPoleConnector.cpp">
      <Filter>Phsyics_Stuff\Verlet_SoftBody</Filter>
    </ClCompile>
  </ItemGroup>
  <ItemGroup>
    <ClInclude Include="PlyFileLoaders.h">
      <Filter>Header Files</Filter>
    </ClInclude>
    <ClInclude Include="Basic_Shader_Manager\cShaderManager.h">
      <Filter>Basic Shader Manager</Filter>
    </ClInclude>
    <ClInclude Include="sMesh.h">
      <Filter>Meshes, etc.</Filter>
    </ClInclude>
    <ClInclude Include="cVAOManager\cVAOManager.h">
      <Filter>Meshes, etc.</Filter>
    </ClInclude>
    <ClInclude Include="cBasicFlyCamera\cBasicFlyCamera.h">
      <Filter>Mouse, Keyboard, FlyCamera</Filter>
    </ClInclude>
    <ClInclude Include="GLCommon.h">
      <Filter>Global things</Filter>
    </ClInclude>
    <ClInclude Include="sharedThings.h">
      <Filter>Global things</Filter>
    </ClInclude>
    <ClInclude Include="cPhysics.h">
      <Filter>Phsyics_Stuff</Filter>
    </ClInclude>
    <ClInclude Include="cLightManager.h">
      <Filter>LIghts</Filter>
    </ClInclude>
    <ClInclude Include="cLightHelper\cLightHelper.h">
      <Filter>LIghts</Filter>
    </ClInclude>
    <ClInclude Include="cBasicTextureManager\C24BitBMPpixel.h">
      <Filter>Textures</Filter>
    </ClInclude>
    <ClInclude Include="cBasicTextureManager\cBasicTextureManager.h">
      <Filter>Textures</Filter>
    </ClInclude>
    <ClInclude Include="cBasicTextureManager\CTextureFromBMP.h">
      <Filter>Textures</Filter>
    </ClInclude>
    <ClInclude Include="cSoftBodyVerlet.h">
      <Filter>Phsyics_Stuff\Verlet_SoftBody</Filter>
    </ClInclude>
    <ClInclude Include="cFlagPoleConnector.h">
      <Filter>Phsyics_Stuff\Verlet_SoftBody</Filter>
    </ClInclude>
  </ItemGroup>
  <ItemGroup>
    <None Include="assets\shaders\fragment01.glsl">
      <Filter>Shaders</Filter>
    </None>
    <None Include="assets\shaders\vertex01.glsl">
      <Filter>Shaders</Filter>
    </None>
  </ItemGroup>
</Project>